
Microsoft Visual Studio Solution File, Format Version 12.00
# Visual Studio Version 17
VisualStudioVersion = 17.14.36603.0 d17.14
MinimumVisualStudioVersion = 10.0.40219.1
Project("{FAE04EC0-301F-11D3-BF4B-00C04F79EFBC}") = "API_Practice", "API_Practice\API_Practice.csproj", "{21DF8916-8F41-4F43-90E3-538BCD1723E9}"
EndProject
Global
	GlobalSection(SolutionConfigurationPlatforms) = preSolution
		Debug|Any CPU = Debug|Any CPU
		Release|Any CPU = Release|Any CPU
	EndGlobalSection
	GlobalSection(ProjectConfigurationPlatforms) = postSolution
		{21DF8916-8F41-4F43-90E3-538BCD1723E9}.Debug|Any CPU.ActiveCfg = Debug|Any CPU
		{21DF8916-8F41-4F43-90E3-538BCD1723E9}.Debug|Any CPU.Build.0 = Debug|Any CPU
		{21DF8916-8F41-4F43-90E3-538BCD1723E9}.Release|Any CPU.ActiveCfg = Release|Any CPU
		{21DF8916-8F41-4F43-90E3-538BCD1723E9}.Release|Any CPU.Build.0 = Release|Any CPU
	EndGlobalSection
	GlobalSection(SolutionProperties) = preSolution
		HideSolutionNode = FALSE
	EndGlobalSection
	GlobalSection(ExtensibilityGlobals) = postSolution
		SolutionGuid = {2D788EA6-9CC3-46E1-B051-7EE2EC414F93}
	EndGlobalSection
EndGlobal
